
Microsoft Visual Studio Solution File, Format Version 12.00
# Visual Studio Version 17
VisualStudioVersion = 17.14.37216.2
MinimumVisualStudioVersion = 10.0.40219.1
Project("{FAE04EC0-301F-11D3-BF4B-00C04F79EFBC}") = "ECommerceOrderSystem", "ECommerceOrderSystem\ECommerceOrderSystem.csproj", "{25D4279E-4CF0-4457-8CED-ED4DDBFEBA52}"
EndProject
Project("{FAE04EC0-301F-11D3-BF4B-00C04F79EFBC}") = "ECommerceOrderSystem.Domain", "ECommerceOrderSystem.Domain\ECommerceOrderSystem.Domain.csproj", "{CE17FE71-89F0-4FB7-A17D-3B6469271DD9}"
EndProject
Project("{FAE04EC0-301F-11D3-BF4B-00C04F79EFBC}") = "ECommerceOrderSystem.Application", "ECommerceOrderSystem.Application\ECommerceOrderSystem.Application.csproj", "{F38AA57C-0DCC-4E58-AE94-0E306B5B9B40}"
EndProject
Project("{FAE04EC0-301F-11D3-BF4B-00C04F79EFBC}") = "ECommerceOrderSystem.Infrastructure", "ECommerceOrderSystem.Infrastructure\ECommerceOrderSystem.Infrastructure.csproj", "{634BCB79-3B5C-4EEB-BF44-33505D3D07E0}"
EndProject
Global
	GlobalSection(SolutionConfigurationPlatforms) = preSolution
		Debug|Any CPU = Debug|Any CPU
		Debug|x64 = Debug|x64
		Debug|x86 = Debug|x86
		Release|Any CPU = Release|Any CPU
		Release|x64 = Release|x64
		Release|x86 = Release|x86
	EndGlobalSection
	GlobalSection(ProjectConfigurationPlatforms) = postSolution
		{25D4279E-4CF0-4457-8CED-ED4DDBFEBA52}.Debug|Any CPU.ActiveCfg = Debug|Any CPU
		{25D4279E-4CF0-4457-8CED-ED4DDBFEBA52}.Debug|Any CPU.Build.0 = Debug|Any CPU
		{25D4279E-4CF0-4457-8CED-ED4DDBFEBA52}.Debug|x64.ActiveCfg = Debug|Any CPU
		{25D4279E-4CF0-4457-8CED-ED4DDBFEBA52}.Debug|x64.Build.0 = Debug|Any CPU
		{25D4279E-4CF0-4457-8CED-ED4DDBFEBA52}.Debug|x86.ActiveCfg = Debug|Any CPU
		{25D4279E-4CF0-4457-8CED-ED4DDBFEBA52}.Debug|x86.Build.0 = Debug|Any CPU
		{25D4279E-4CF0-4457-8CED-ED4DDBFEBA52}.Release|Any CPU.ActiveCfg = Release|Any CPU
		{25D4279E-4CF0-4457-8CED-ED4DDBFEBA52}.Release|Any CPU.Build.0 = Release|Any CPU
		{25D4279E-4CF0-4457-8CED-ED4DDBFEBA52}.Release|x64.ActiveCfg = Release|Any CPU
		{25D4279E-4CF0-4457-8CED-ED4DDBFEBA52}.Release|x64.Build.0 = Release|Any CPU
		{25D4279E-4CF0-4457-8CED-ED4DDBFEBA52}.Release|x86.ActiveCfg = Release|Any CPU
		{25D4279E-4CF0-4457-8CED-ED4DDBFEBA52}.Release|x86.Build.0 = Release|Any CPU
		{CE17FE71-89F0-4FB7-A17D-3B6469271DD9}.Debug|Any CPU.ActiveCfg = Debug|Any CPU
		{CE17FE71-89F0-4FB7-A17D-3B6469271DD9}.Debug|Any CPU.Build.0 = Debug|Any CPU
		{CE17FE71-89F0-4FB7-A17D-3B6469271DD9}.Debug|x64.ActiveCfg = Debug|Any CPU
		{CE17FE71-89F0-4FB7-A17D-3B6469271DD9}.Debug|x64.Build.0 = Debug|Any CPU
		{CE17FE71-89F0-4FB7-A17D-3B6469271DD9}.Debug|x86.ActiveCfg = Debug|Any CPU
		{CE17FE71-89F0-4FB7-A17D-3B6469271DD9}.Debug|x86.Build.0 = Debug|Any CPU
		{CE17FE71-89F0-4FB7-A17D-3B6469271DD9}.Release|Any CPU.ActiveCfg = Release|Any CPU
		{CE17FE71-89F0-4FB7-A17D-3B6469271DD9}.Release|Any CPU.Build.0 = Release|Any CPU
		{CE17FE71-89F0-4FB7-A17D-3B6469271DD9}.Release|x64.ActiveCfg = Release|Any CPU
		{CE17FE71-89F0-4FB7-A17D-3B6469271DD9}.Release|x64.Build.0 = Release|Any CPU
		{CE17FE71-89F0-4FB7-A17D-3B6469271DD9}.Release|x86.ActiveCfg = Release|Any CPU
		{CE17FE71-89F0-4FB7-A17D-3B6469271DD9}.Release|x86.Build.0 = Release|Any CPU
		{F38AA57C-0DCC-4E58-AE94-0E306B5B9B40}.Debug|Any CPU.ActiveCfg = Debug|Any CPU
		{F38AA57C-0DCC-4E58-AE94-0E306B5B9B40}.Debug|Any CPU.Build.0 = Debug|Any CPU
		{F38AA57C-0DCC-4E58-AE94-0E306B5B9B40}.Debug|x64.ActiveCfg = Debug|Any CPU
		{F38AA57C-0DCC-4E58-AE94-0E306B5B9B40}.Debug|x64.Build.0 = Debug|Any CPU
		{F38AA57C-0DCC-4E58-AE94-0E306B5B9B40}.Debug|x86.ActiveCfg = Debug|Any CPU
		{F38AA57C-0DCC-4E58-AE94-0E306B5B9B40}.Debug|x86.Build.0 = Debug|Any CPU
		{F38AA57C-0DCC-4E58-AE94-0E306B5B9B40}.Release|Any CPU.ActiveCfg = Release|Any CPU
		{F38AA57C-0DCC-4E58-AE94-0E306B5B9B40}.Release|Any CPU.Build.0 = Release|Any CPU
		{F38AA57C-0DCC-4E58-AE94-0E306B5B9B40}.Release|x64.ActiveCfg = Release|Any CPU
		{F38AA57C-0DCC-4E58-AE94-0E306B5B9B40}.Release|x64.Build.0 = Release|Any CPU
		{F38AA57C-0DCC-4E58-AE94-0E306B5B9B40}.Release|x86.ActiveCfg = Release|Any CPU
		{F38AA57C-0DCC-4E58-AE94-0E306B5B9B40}.Release|x86.Build.0 = Release|Any CPU
		{634BCB79-3B5C-4EEB-BF44-33505D3D07E0}.Debug|Any CPU.ActiveCfg = Debug|Any CPU
		{634BCB79-3B5C-4EEB-BF44-33505D3D07E0}.Debug|Any CPU.Build.0 = Debug|Any CPU
		{634BCB79-3B5C-4EEB-BF44-33505D3D07E0}.Debug|x64.ActiveCfg = Debug|Any CPU
		{634BCB79-3B5C-4EEB-BF44-33505D3D07E0}.Debug|x64.Build.0 = Debug|Any CPU
		{634BCB79-3B5C-4EEB-BF44-33505D3D07E0}.Debug|x86.ActiveCfg = Debug|Any CPU
		{634BCB79-3B5C-4EEB-BF44-33505D3D07E0}.Debug|x86.Build.0 = Debug|Any CPU
		{634BCB79-3B5C-4EEB-BF44-33505D3D07E0}.Release|Any CPU.ActiveCfg = Release|Any CPU
		{634BCB79-3B5C-4EEB-BF44-33505D3D07E0}.Release|Any CPU.Build.0 = Release|Any CPU
		{634BCB79-3B5C-4EEB-BF44-33505D3D07E0}.Release|x64.ActiveCfg = Release|Any CPU
		{634BCB79-3B5C-4EEB-BF44-33505D3D07E0}.Release|x64.Build.0 = Release|Any CPU
		{634BCB79-3B5C-4EEB-BF44-33505D3D07E0}.Release|x86.ActiveCfg = Release|Any CPU
		{634BCB79-3B5C-4EEB-BF44-33505D3D07E0}.Release|x86.Build.0 = Release|Any CPU
	EndGlobalSection
	GlobalSection(SolutionProperties) = preSolution
		HideSolutionNode = FALSE
	EndGlobalSection
	GlobalSection(ExtensibilityGlobals) = postSolution
		SolutionGuid = {840FC12B-355A-4649-B309-C111BE0DBEF8}
	EndGlobalSection
EndGlobal
